
Microsoft Visual Studio Solution File, Format Version 12.00
# Visual Studio Version 16
VisualStudioVersion = 16.0.32802.440
MinimumVisualStudioVersion = 10.0.40219.1
Project("{FAE04EC0-301F-11D3-BF4B-00C04F79EFBC}") = "Labbb 4 Felsökning", "Labbb 4 Felsökning\Labbb 4 Felsökning.csproj", "{73C774DD-E9C3-457B-A7B3-E0BCB49905AA}"
EndProject
Global
	GlobalSection(SolutionConfigurationPlatforms) = preSolution
		Debug|Any CPU = Debug|Any CPU
		Release|Any CPU = Release|Any CPU
	EndGlobalSection
	GlobalSection(ProjectConfigurationPlatforms) = postSolution
		{73C774DD-E9C3-457B-A7B3-E0BCB49905AA}.Debug|Any CPU.ActiveCfg = Debug|Any CPU
		{73C774DD-E9C3-457B-A7B3-E0BCB49905AA}.Debug|Any CPU.Build.0 = Debug|Any CPU
		{73C774DD-E9C3-457B-A7B3-E0BCB49905AA}.Release|Any CPU.ActiveCfg = Release|Any CPU
		{73C774DD-E9C3-457B-A7B3-E0BCB49905AA}.Release|Any CPU.Build.0 = Release|Any CPU
	EndGlobalSection
	GlobalSection(SolutionProperties) = preSolution
		HideSolutionNode = FALSE
	EndGlobalSection
	GlobalSection(ExtensibilityGlobals) = postSolution
		SolutionGuid = {03424E60-A42F-4B45-BDA2-2CBDB3E2621D}
	EndGlobalSection
EndGlobal
